
Microsoft Visual Studio Solution File, Format Version 12.00
# Visual Studio Version 17
VisualStudioVersion = 17.0.32014.148
MinimumVisualStudioVersion = 10.0.40219.1
Project("{FAE04EC0-301F-11D3-BF4B-00C04F79EFBC}") = "order", "order\order.csproj", "{719D166F-2E95-4747-9438-48FF993EA3C2}"
EndProject
Project("{FAE04EC0-301F-11D3-BF4B-00C04F79EFBC}") = "OrderService", "OrderService\OrderService.csproj", "{D602140F-2D82-4544-99C9-F6334EDAE4A9}"
	ProjectSection(ProjectDependencies) = postProject
		{719D166F-2E95-4747-9438-48FF993EA3C2} = {719D166F-2E95-4747-9438-48FF993EA3C2}
	EndProjectSection
EndProject
Global
	GlobalSection(SolutionConfigurationPlatforms) = preSolution
		Debug|Any CPU = Debug|Any CPU
		Release|Any CPU = Release|Any CPU
	EndGlobalSection
	GlobalSection(ProjectConfigurationPlatforms) = postSolution
		{719D166F-2E95-4747-9438-48FF993EA3C2}.Debug|Any CPU.ActiveCfg = Debug|Any CPU
		{719D166F-2E95-4747-9438-48FF993EA3C2}.Debug|Any CPU.Build.0 = Debug|Any CPU
		{719D166F-2E95-4747-9438-48FF993EA3C2}.Release|Any CPU.ActiveCfg = Release|Any CPU
		{719D166F-2E95-4747-9438-48FF993EA3C2}.Release|Any CPU.Build.0 = Release|Any CPU
		{D602140F-2D82-4544-99C9-F6334EDAE4A9}.Debug|Any CPU.ActiveCfg = Debug|Any CPU
		{D602140F-2D82-4544-99C9-F6334EDAE4A9}.Debug|Any CPU.Build.0 = Debug|Any CPU
		{D602140F-2D82-4544-99C9-F6334EDAE4A9}.Release|Any CPU.ActiveCfg = Release|Any CPU
		{D602140F-2D82-4544-99C9-F6334EDAE4A9}.Release|Any CPU.Build.0 = Release|Any CPU
	EndGlobalSection
	GlobalSection(SolutionProperties) = preSolution
		HideSolutionNode = FALSE
	EndGlobalSection
	GlobalSection(ExtensibilityGlobals) = postSolution
		SolutionGuid = {88D79D86-D523-42E2-8991-ACEFBC8D4A7C}
	EndGlobalSection
EndGlobal
