
Microsoft Visual Studio Solution File, Format Version 12.00
# Visual Studio Version 17
VisualStudioVersion = 17.0.32014.148
MinimumVisualStudioVersion = 10.0.40219.1
Project("{FAE04EC0-301F-11D3-BF4B-00C04F79EFBC}") = "Shape", "Shape\Shape.csproj", "{98E9A0B0-6FD6-4FA1-AFD7-919E0133B518}"
EndProject
Project("{FAE04EC0-301F-11D3-BF4B-00C04F79EFBC}") = "factory", "factory\factory.csproj", "{1272CB00-148B-4670-BE46-5C235F0305D2}"
EndProject
Global
	GlobalSection(SolutionConfigurationPlatforms) = preSolution
		Debug|Any CPU = Debug|Any CPU
		Release|Any CPU = Release|Any CPU
	EndGlobalSection
	GlobalSection(ProjectConfigurationPlatforms) = postSolution
		{98E9A0B0-6FD6-4FA1-AFD7-919E0133B518}.Debug|Any CPU.ActiveCfg = Debug|Any CPU
		{98E9A0B0-6FD6-4FA1-AFD7-919E0133B518}.Debug|Any CPU.Build.0 = Debug|Any CPU
		{98E9A0B0-6FD6-4FA1-AFD7-919E0133B518}.Release|Any CPU.ActiveCfg = Release|Any CPU
		{98E9A0B0-6FD6-4FA1-AFD7-919E0133B518}.Release|Any CPU.Build.0 = Release|Any CPU
		{1272CB00-148B-4670-BE46-5C235F0305D2}.Debug|Any CPU.ActiveCfg = Debug|Any CPU
		{1272CB00-148B-4670-BE46-5C235F0305D2}.Debug|Any CPU.Build.0 = Debug|Any CPU
		{1272CB00-148B-4670-BE46-5C235F0305D2}.Release|Any CPU.ActiveCfg = Release|Any CPU
		{1272CB00-148B-4670-BE46-5C235F0305D2}.Release|Any CPU.Build.0 = Release|Any CPU
	EndGlobalSection
	GlobalSection(SolutionProperties) = preSolution
		HideSolutionNode = FALSE
	EndGlobalSection
	GlobalSection(ExtensibilityGlobals) = postSolution
		SolutionGuid = {11D13FE3-8C48-4C02-9A32-616799FB04A1}
	EndGlobalSection
EndGlobal
